{
    "_readme": [
        "This file locks the dependencies of your project to a known state",
        "Read more about it at http://getcomposer.org/doc/01-basic-usage.md#composer-lock-the-lock-file"
    ],
    "hash": "1e16ed879568f1f2705c02c4a5d22914",
    "packages": [
        {
            "name": "jquery/jquery",
            "version": "1.10.2",
            "dist": {
                "type": "file",
                "url": "http://code.jquery.com/jquery-1.10.2.js",
                "reference": null,
                "shasum": null
            },
            "type": "library"
        }
    ],
    "packages-dev": [

    ],
    "aliases": [

    ],
    "minimum-stability": "alpha",
    "stability-flags": [

    ],
    "platform": [

    ],
    "platform-dev": [

    ]
}
